
Microsoft Visual Studio Solution File, Format Version 12.00
# Visual Studio Version 17
VisualStudioVersion = 17.9.34728.123
MinimumVisualStudioVersion = 10.0.40219.1
Project("{9A19103F-16F7-4668-BE54-9A1E7A4F7556}") = "TechDispoB", "TechDispoB\TechDispoB.csproj", "{1CD36902-B32B-4200-AAFD-A5AB37E8A6AD}"
EndProject
Project("{FAE04EC0-301F-11D3-BF4B-00C04F79EFBC}") = "TechDispoMobile", "TechDispoMobile\TechDispoMobile.csproj", "{9377D6E7-55A8-4314-B229-757746E01FA4}"
EndProject
Global
	GlobalSection(SolutionConfigurationPlatforms) = preSolution
		Debug|Any CPU = Debug|Any CPU
		Debug|ARM64 = Debug|ARM64
		Debug|x64 = Debug|x64
		Debug|x86 = Debug|x86
		Release|Any CPU = Release|Any CPU
		Release|ARM64 = Release|ARM64
		Release|x64 = Release|x64
		Release|x86 = Release|x86
	EndGlobalSection
	GlobalSection(ProjectConfigurationPlatforms) = postSolution
		{1CD36902-B32B-4200-AAFD-A5AB37E8A6AD}.Debug|Any CPU.ActiveCfg = Debug|Any CPU
		{1CD36902-B32B-4200-AAFD-A5AB37E8A6AD}.Debug|Any CPU.Build.0 = Debug|Any CPU
		{1CD36902-B32B-4200-AAFD-A5AB37E8A6AD}.Debug|Any CPU.Deploy.0 = Debug|Any CPU
		{1CD36902-B32B-4200-AAFD-A5AB37E8A6AD}.Debug|ARM64.ActiveCfg = Debug|Any CPU
		{1CD36902-B32B-4200-AAFD-A5AB37E8A6AD}.Debug|x64.ActiveCfg = Debug|Any CPU
		{1CD36902-B32B-4200-AAFD-A5AB37E8A6AD}.Debug|x86.ActiveCfg = Debug|Any CPU
		{1CD36902-B32B-4200-AAFD-A5AB37E8A6AD}.Release|Any CPU.ActiveCfg = Release|Any CPU
		{1CD36902-B32B-4200-AAFD-A5AB37E8A6AD}.Release|Any CPU.Build.0 = Release|Any CPU
		{1CD36902-B32B-4200-AAFD-A5AB37E8A6AD}.Release|Any CPU.Deploy.0 = Release|Any CPU
		{1CD36902-B32B-4200-AAFD-A5AB37E8A6AD}.Release|ARM64.ActiveCfg = Release|Any CPU
		{1CD36902-B32B-4200-AAFD-A5AB37E8A6AD}.Release|x64.ActiveCfg = Release|Any CPU
		{1CD36902-B32B-4200-AAFD-A5AB37E8A6AD}.Release|x86.ActiveCfg = Release|Any CPU
		{9377D6E7-55A8-4314-B229-757746E01FA4}.Debug|Any CPU.ActiveCfg = Debug|Any CPU
		{9377D6E7-55A8-4314-B229-757746E01FA4}.Debug|Any CPU.Build.0 = Debug|Any CPU
		{9377D6E7-55A8-4314-B229-757746E01FA4}.Debug|Any CPU.Deploy.0 = Debug|Any CPU
		{9377D6E7-55A8-4314-B229-757746E01FA4}.Debug|ARM64.ActiveCfg = Debug|Any CPU
		{9377D6E7-55A8-4314-B229-757746E01FA4}.Debug|ARM64.Build.0 = Debug|Any CPU
		{9377D6E7-55A8-4314-B229-757746E01FA4}.Debug|ARM64.Deploy.0 = Debug|Any CPU
		{9377D6E7-55A8-4314-B229-757746E01FA4}.Debug|x64.ActiveCfg = Debug|Any CPU
		{9377D6E7-55A8-4314-B229-757746E01FA4}.Debug|x64.Build.0 = Debug|Any CPU
		{9377D6E7-55A8-4314-B229-757746E01FA4}.Debug|x64.Deploy.0 = Debug|Any CPU
		{9377D6E7-55A8-4314-B229-757746E01FA4}.Debug|x86.ActiveCfg = Debug|Any CPU
		{9377D6E7-55A8-4314-B229-757746E01FA4}.Debug|x86.Build.0 = Debug|Any CPU
		{9377D6E7-55A8-4314-B229-757746E01FA4}.Debug|x86.Deploy.0 = Debug|Any CPU
		{9377D6E7-55A8-4314-B229-757746E01FA4}.Release|Any CPU.ActiveCfg = Release|Any CPU
		{9377D6E7-55A8-4314-B229-757746E01FA4}.Release|Any CPU.Build.0 = Release|Any CPU
		{9377D6E7-55A8-4314-B229-757746E01FA4}.Release|Any CPU.Deploy.0 = Release|Any CPU
		{9377D6E7-55A8-4314-B229-757746E01FA4}.Release|ARM64.ActiveCfg = Release|Any CPU
		{9377D6E7-55A8-4314-B229-757746E01FA4}.Release|ARM64.Build.0 = Release|Any CPU
		{9377D6E7-55A8-4314-B229-757746E01FA4}.Release|ARM64.Deploy.0 = Release|Any CPU
		{9377D6E7-55A8-4314-B229-757746E01FA4}.Release|x64.ActiveCfg = Release|Any CPU
		{9377D6E7-55A8-4314-B229-757746E01FA4}.Release|x64.Build.0 = Release|Any CPU
		{9377D6E7-55A8-4314-B229-757746E01FA4}.Release|x64.Deploy.0 = Release|Any CPU
		{9377D6E7-55A8-4314-B229-757746E01FA4}.Release|x86.ActiveCfg = Release|Any CPU
		{9377D6E7-55A8-4314-B229-757746E01FA4}.Release|x86.Build.0 = Release|Any CPU
		{9377D6E7-55A8-4314-B229-757746E01FA4}.Release|x86.Deploy.0 = Release|Any CPU
	EndGlobalSection
	GlobalSection(SolutionProperties) = preSolution
		HideSolutionNode = FALSE
	EndGlobalSection
	GlobalSection(ExtensibilityGlobals) = postSolution
		SolutionGuid = {88F28D22-8882-46AD-8144-12A93984DD9F}
	EndGlobalSection
EndGlobal
