
Microsoft Visual Studio Solution File, Format Version 12.00
# Visual Studio Version 17
VisualStudioVersion = 17.9.34728.123
MinimumVisualStudioVersion = 10.0.40219.1
Project("{9A19103F-16F7-4668-BE54-9A1E7A4F7556}") = "TechDispoB", "TechDispoB\TechDispoB.csproj", "{1CD36902-B32B-4200-AAFD-A5AB37E8A6AD}"
EndProject
Project("{FAE04EC0-301F-11D3-BF4B-00C04F79EFBC}") = "MauiAppBase", "MauiAppBase\MauiAppBase.csproj", "{4CFFF964-3A9A-4036-A9FC-BCFA43C0650E}"
EndProject
Global
	GlobalSection(SolutionConfigurationPlatforms) = preSolution
		Debug|Any CPU = Debug|Any CPU
		Release|Any CPU = Release|Any CPU
	EndGlobalSection
	GlobalSection(ProjectConfigurationPlatforms) = postSolution
		{1CD36902-B32B-4200-AAFD-A5AB37E8A6AD}.Debug|Any CPU.ActiveCfg = Debug|Any CPU
		{1CD36902-B32B-4200-AAFD-A5AB37E8A6AD}.Debug|Any CPU.Build.0 = Debug|Any CPU
		{1CD36902-B32B-4200-AAFD-A5AB37E8A6AD}.Debug|Any CPU.Deploy.0 = Debug|Any CPU
		{1CD36902-B32B-4200-AAFD-A5AB37E8A6AD}.Release|Any CPU.ActiveCfg = Release|Any CPU
		{1CD36902-B32B-4200-AAFD-A5AB37E8A6AD}.Release|Any CPU.Build.0 = Release|Any CPU
		{1CD36902-B32B-4200-AAFD-A5AB37E8A6AD}.Release|Any CPU.Deploy.0 = Release|Any CPU
		{4CFFF964-3A9A-4036-A9FC-BCFA43C0650E}.Debug|Any CPU.ActiveCfg = Debug|Any CPU
		{4CFFF964-3A9A-4036-A9FC-BCFA43C0650E}.Debug|Any CPU.Build.0 = Debug|Any CPU
		{4CFFF964-3A9A-4036-A9FC-BCFA43C0650E}.Release|Any CPU.ActiveCfg = Release|Any CPU
		{4CFFF964-3A9A-4036-A9FC-BCFA43C0650E}.Release|Any CPU.Build.0 = Release|Any CPU
	EndGlobalSection
	GlobalSection(SolutionProperties) = preSolution
		HideSolutionNode = FALSE
	EndGlobalSection
	GlobalSection(ExtensibilityGlobals) = postSolution
		SolutionGuid = {88F28D22-8882-46AD-8144-12A93984DD9F}
	EndGlobalSection
EndGlobal
